// !$*UTF8*$!
{
	archiveVersion = 1;
	classes = {
	};
	objectVersion = 56;
	objects = {

/* Begin PBXBuildFile section */
		9A01D65D29577DE90017B509 /* PostsNetworks.swift in Sources */ = {isa = PBXBuildFile; fileRef = 9A01D65C29577DE90017B509 /* PostsNetworks.swift */; };
		9A01D65F2957A01E0017B509 /* PostsModel.swift in Sources */ = {isa = PBXBuildFile; fileRef = 9A01D65E2957A01E0017B509 /* PostsModel.swift */; };
		9A01D6612957BDFA0017B509 /* CardPostAtom.swift in Sources */ = {isa = PBXBuildFile; fileRef = 9A01D6602957BDFA0017B509 /* CardPostAtom.swift */; };
		9A01D6662957D6190017B509 /* UsersPageTests.swift in Sources */ = {isa = PBXBuildFile; fileRef = 9A01D6652957D6190017B509 /* UsersPageTests.swift */; };
		9A01D66F2958CD320017B509 /* UsersViewModel.swift in Sources */ = {isa = PBXBuildFile; fileRef = 9A01D66E2958CD320017B509 /* UsersViewModel.swift */; };
		9A01D6722958D3AA0017B509 /* Users.swift in Sources */ = {isa = PBXBuildFile; fileRef = 9A01D6712958D3AA0017B509 /* Users.swift */; };
		9A01D6742958D3BC0017B509 /* Posts.swift in Sources */ = {isa = PBXBuildFile; fileRef = 9A01D6732958D3BC0017B509 /* Posts.swift */; };
		9A55EA602958DB2700D02B73 /* UsersViewModelTests.swift in Sources */ = {isa = PBXBuildFile; fileRef = 9A55EA5C2958DB2700D02B73 /* UsersViewModelTests.swift */; };
		9A55EA622958DB2700D02B73 /* UsersNetworksMock.swift in Sources */ = {isa = PBXBuildFile; fileRef = 9A55EA5F2958DB2700D02B73 /* UsersNetworksMock.swift */; };
		9A55EA682958E20E00D02B73 /* Users.json in Resources */ = {isa = PBXBuildFile; fileRef = 9A55EA672958E20E00D02B73 /* Users.json */; };
		9A55EA692958E64A00D02B73 /* Users.json in Resources */ = {isa = PBXBuildFile; fileRef = 9A55EA672958E20E00D02B73 /* Users.json */; };
		9A55EA6B2958E79A00D02B73 /* PostsViewModel.swift in Sources */ = {isa = PBXBuildFile; fileRef = 9A55EA6A2958E79A00D02B73 /* PostsViewModel.swift */; };
		9A55EA6F2958F6B800D02B73 /* FloatingButton.swift in Sources */ = {isa = PBXBuildFile; fileRef = 9A55EA6E2958F6B800D02B73 /* FloatingButton.swift */; };
		9A55EA742958FF2300D02B73 /* Posts.json in Resources */ = {isa = PBXBuildFile; fileRef = 9A55EA722958FF2300D02B73 /* Posts.json */; };
		9A55EA752958FF2300D02B73 /* PostsNetworksMock.swift in Sources */ = {isa = PBXBuildFile; fileRef = 9A55EA732958FF2300D02B73 /* PostsNetworksMock.swift */; };
		9A55EA762958FF3200D02B73 /* Posts.json in Resources */ = {isa = PBXBuildFile; fileRef = 9A55EA722958FF2300D02B73 /* Posts.json */; };
		9A55EA782958FFE100D02B73 /* PostsViewModelTests.swift in Sources */ = {isa = PBXBuildFile; fileRef = 9A55EA772958FFE100D02B73 /* PostsViewModelTests.swift */; };
		9A89117629593A7D00FF6050 /* DataBase.swift in Sources */ = {isa = PBXBuildFile; fileRef = 9A89117529593A7D00FF6050 /* DataBase.swift */; };
		9A9A883829550EA3000923B9 /* UserModel.swift in Sources */ = {isa = PBXBuildFile; fileRef = 9A9A883729550EA3000923B9 /* UserModel.swift */; };
		9A9A883C295510C8000923B9 /* UsersPage.swift in Sources */ = {isa = PBXBuildFile; fileRef = 9A9A883B295510C8000923B9 /* UsersPage.swift */; };
		9A9A883F29551191000923B9 /* SplashScreenView.swift in Sources */ = {isa = PBXBuildFile; fileRef = 9A9A883E29551191000923B9 /* SplashScreenView.swift */; };
		9A9A8843295562B7000923B9 /* Alamofire in Frameworks */ = {isa = PBXBuildFile; productRef = 9A9A8842295562B7000923B9 /* Alamofire */; };
		9A9A88452955639B000923B9 /* UsersNetworks.swift in Sources */ = {isa = PBXBuildFile; fileRef = 9A9A88442955639B000923B9 /* UsersNetworks.swift */; };
		9A9A884829556C9B000923B9 /* Environments.swift in Sources */ = {isa = PBXBuildFile; fileRef = 9A9A884729556C9B000923B9 /* Environments.swift */; };
		9AAB10E22955EEFA008515E2 /* NoInfo.swift in Sources */ = {isa = PBXBuildFile; fileRef = 9AAB10E12955EEFA008515E2 /* NoInfo.swift */; };
		9AAB10E429568F0B008515E2 /* CardUserAtom.swift in Sources */ = {isa = PBXBuildFile; fileRef = 9AAB10E329568F0B008515E2 /* CardUserAtom.swift */; };
		9AAB10E6295690D8008515E2 /* PostsPage.swift in Sources */ = {isa = PBXBuildFile; fileRef = 9AAB10E5295690D8008515E2 /* PostsPage.swift */; };
		9AAB11092956C2E3008515E2 /* CardUserAtomTests.swift in Sources */ = {isa = PBXBuildFile; fileRef = 9AAB11082956C2E3008515E2 /* CardUserAtomTests.swift */; };
		9AD7499D2955025F0047DF32 /* UsersApp.swift in Sources */ = {isa = PBXBuildFile; fileRef = 9AD7499C2955025F0047DF32 /* UsersApp.swift */; };
		9AD749A1295502600047DF32 /* Assets.xcassets in Resources */ = {isa = PBXBuildFile; fileRef = 9AD749A0295502600047DF32 /* Assets.xcassets */; };
		9AD749A5295502600047DF32 /* Preview Assets.xcassets in Resources */ = {isa = PBXBuildFile; fileRef = 9AD749A4295502600047DF32 /* Preview Assets.xcassets */; };
/* End PBXBuildFile section */

/* Begin PBXContainerItemProxy section */
		9AAB11002956BF86008515E2 /* PBXContainerItemProxy */ = {
			isa = PBXContainerItemProxy;
			containerPortal = 9AD749912955025F0047DF32 /* Project object */;
			proxyType = 1;
			remoteGlobalIDString = 9AD749982955025F0047DF32;
			remoteInfo = Users;
		};
		9ABB590A2958DA8100396F34 /* PBXContainerItemProxy */ = {
			isa = PBXContainerItemProxy;
			containerPortal = 9AD749912955025F0047DF32 /* Project object */;
			proxyType = 1;
			remoteGlobalIDString = 9AD749982955025F0047DF32;
			remoteInfo = Users;
		};
/* End PBXContainerItemProxy section */

/* Begin PBXFileReference section */
		9A01D65C29577DE90017B509 /* PostsNetworks.swift */ = {isa = PBXFileReference; lastKnownFileType = sourcecode.swift; path = PostsNetworks.swift; sourceTree = "<group>"; };
		9A01D65E2957A01E0017B509 /* PostsModel.swift */ = {isa = PBXFileReference; lastKnownFileType = sourcecode.swift; path = PostsModel.swift; sourceTree = "<group>"; };
		9A01D6602957BDFA0017B509 /* CardPostAtom.swift */ = {isa = PBXFileReference; lastKnownFileType = sourcecode.swift; path = CardPostAtom.swift; sourceTree = "<group>"; };
		9A01D6652957D6190017B509 /* UsersPageTests.swift */ = {isa = PBXFileReference; lastKnownFileType = sourcecode.swift; path = UsersPageTests.swift; sourceTree = "<group>"; };
		9A01D66E2958CD320017B509 /* UsersViewModel.swift */ = {isa = PBXFileReference; lastKnownFileType = sourcecode.swift; path = UsersViewModel.swift; sourceTree = "<group>"; };
		9A01D6712958D3AA0017B509 /* Users.swift */ = {isa = PBXFileReference; lastKnownFileType = sourcecode.swift; path = Users.swift; sourceTree = "<group>"; };
		9A01D6732958D3BC0017B509 /* Posts.swift */ = {isa = PBXFileReference; lastKnownFileType = sourcecode.swift; path = Posts.swift; sourceTree = "<group>"; };
		9A55EA5C2958DB2700D02B73 /* UsersViewModelTests.swift */ = {isa = PBXFileReference; fileEncoding = 4; lastKnownFileType = sourcecode.swift; path = UsersViewModelTests.swift; sourceTree = "<group>"; };
		9A55EA5F2958DB2700D02B73 /* UsersNetworksMock.swift */ = {isa = PBXFileReference; fileEncoding = 4; lastKnownFileType = sourcecode.swift; path = UsersNetworksMock.swift; sourceTree = "<group>"; };
		9A55EA672958E20E00D02B73 /* Users.json */ = {isa = PBXFileReference; fileEncoding = 4; lastKnownFileType = text.json; path = Users.json; sourceTree = "<group>"; };
		9A55EA6A2958E79A00D02B73 /* PostsViewModel.swift */ = {isa = PBXFileReference; lastKnownFileType = sourcecode.swift; path = PostsViewModel.swift; sourceTree = "<group>"; };
		9A55EA6E2958F6B800D02B73 /* FloatingButton.swift */ = {isa = PBXFileReference; lastKnownFileType = sourcecode.swift; path = FloatingButton.swift; sourceTree = "<group>"; };
		9A55EA722958FF2300D02B73 /* Posts.json */ = {isa = PBXFileReference; fileEncoding = 4; lastKnownFileType = text.json; path = Posts.json; sourceTree = "<group>"; };
		9A55EA732958FF2300D02B73 /* PostsNetworksMock.swift */ = {isa = PBXFileReference; fileEncoding = 4; lastKnownFileType = sourcecode.swift; path = PostsNetworksMock.swift; sourceTree = "<group>"; };
		9A55EA772958FFE100D02B73 /* PostsViewModelTests.swift */ = {isa = PBXFileReference; lastKnownFileType = sourcecode.swift; path = PostsViewModelTests.swift; sourceTree = "<group>"; };
		9A89117529593A7D00FF6050 /* DataBase.swift */ = {isa = PBXFileReference; lastKnownFileType = sourcecode.swift; path = DataBase.swift; sourceTree = "<group>"; };
		9A9A883729550EA3000923B9 /* UserModel.swift */ = {isa = PBXFileReference; lastKnownFileType = sourcecode.swift; path = UserModel.swift; sourceTree = "<group>"; };
		9A9A883B295510C8000923B9 /* UsersPage.swift */ = {isa = PBXFileReference; lastKnownFileType = sourcecode.swift; path = UsersPage.swift; sourceTree = "<group>"; };
		9A9A883E29551191000923B9 /* SplashScreenView.swift */ = {isa = PBXFileReference; lastKnownFileType = sourcecode.swift; path = SplashScreenView.swift; sourceTree = "<group>"; };
		9A9A88442955639B000923B9 /* UsersNetworks.swift */ = {isa = PBXFileReference; lastKnownFileType = sourcecode.swift; path = UsersNetworks.swift; sourceTree = "<group>"; };
		9A9A884729556C9B000923B9 /* Environments.swift */ = {isa = PBXFileReference; lastKnownFileType = sourcecode.swift; path = Environments.swift; sourceTree = "<group>"; };
		9AAB10E12955EEFA008515E2 /* NoInfo.swift */ = {isa = PBXFileReference; lastKnownFileType = sourcecode.swift; path = NoInfo.swift; sourceTree = "<group>"; };
		9AAB10E329568F0B008515E2 /* CardUserAtom.swift */ = {isa = PBXFileReference; lastKnownFileType = sourcecode.swift; path = CardUserAtom.swift; sourceTree = "<group>"; };
		9AAB10E5295690D8008515E2 /* PostsPage.swift */ = {isa = PBXFileReference; lastKnownFileType = sourcecode.swift; path = PostsPage.swift; sourceTree = "<group>"; };
		9AAB10FA2956BF86008515E2 /* UsersUITests.xctest */ = {isa = PBXFileReference; explicitFileType = wrapper.cfbundle; includeInIndex = 0; path = UsersUITests.xctest; sourceTree = BUILT_PRODUCTS_DIR; };
		9AAB11082956C2E3008515E2 /* CardUserAtomTests.swift */ = {isa = PBXFileReference; lastKnownFileType = sourcecode.swift; path = CardUserAtomTests.swift; sourceTree = "<group>"; };
		9ABB59062958DA8100396F34 /* UsersTests.xctest */ = {isa = PBXFileReference; explicitFileType = wrapper.cfbundle; includeInIndex = 0; path = UsersTests.xctest; sourceTree = BUILT_PRODUCTS_DIR; };
		9AD749992955025F0047DF32 /* Users.app */ = {isa = PBXFileReference; explicitFileType = wrapper.application; includeInIndex = 0; path = Users.app; sourceTree = BUILT_PRODUCTS_DIR; };
		9AD7499C2955025F0047DF32 /* UsersApp.swift */ = {isa = PBXFileReference; lastKnownFileType = sourcecode.swift; path = UsersApp.swift; sourceTree = "<group>"; };
		9AD749A0295502600047DF32 /* Assets.xcassets */ = {isa = PBXFileReference; lastKnownFileType = folder.assetcatalog; path = Assets.xcassets; sourceTree = "<group>"; };
		9AD749A2295502600047DF32 /* Users.entitlements */ = {isa = PBXFileReference; lastKnownFileType = text.plist.entitlements; path = Users.entitlements; sourceTree = "<group>"; };
		9AD749A4295502600047DF32 /* Preview Assets.xcassets */ = {isa = PBXFileReference; lastKnownFileType = folder.assetcatalog; path = "Preview Assets.xcassets"; sourceTree = "<group>"; };
/* End PBXFileReference section */

/* Begin PBXFrameworksBuildPhase section */
		9AAB10F72956BF86008515E2 /* Frameworks */ = {
			isa = PBXFrameworksBuildPhase;
			buildActionMask = 2147483647;
			files = (
			);
			runOnlyForDeploymentPostprocessing = 0;
		};
		9ABB59032958DA8100396F34 /* Frameworks */ = {
			isa = PBXFrameworksBuildPhase;
			buildActionMask = 2147483647;
			files = (
			);
			runOnlyForDeploymentPostprocessing = 0;
		};
		9AD749962955025F0047DF32 /* Frameworks */ = {
			isa = PBXFrameworksBuildPhase;
			buildActionMask = 2147483647;
			files = (
				9A9A8843295562B7000923B9 /* Alamofire in Frameworks */,
			);
			runOnlyForDeploymentPostprocessing = 0;
		};
/* End PBXFrameworksBuildPhase section */

/* Begin PBXGroup section */
		9A01D6642957D5F40017B509 /* Pages */ = {
			isa = PBXGroup;
			children = (
				9A01D6652957D6190017B509 /* UsersPageTests.swift */,
			);
			path = Pages;
			sourceTree = "<group>";
		};
		9A01D6702958D3990017B509 /* Delegates */ = {
			isa = PBXGroup;
			children = (
				9A01D6712958D3AA0017B509 /* Users.swift */,
				9A01D6732958D3BC0017B509 /* Posts.swift */,
			);
			path = Delegates;
			sourceTree = "<group>";
		};
		9A55EA5D2958DB2700D02B73 /* Mock */ = {
			isa = PBXGroup;
			children = (
				9A55EA712958FF2300D02B73 /* Posts */,
				9A55EA702958FF0100D02B73 /* Users */,
			);
			path = Mock;
			sourceTree = "<group>";
		};
		9A55EA702958FF0100D02B73 /* Users */ = {
			isa = PBXGroup;
			children = (
				9A55EA672958E20E00D02B73 /* Users.json */,
				9A55EA5F2958DB2700D02B73 /* UsersNetworksMock.swift */,
			);
			path = Users;
			sourceTree = "<group>";
		};
		9A55EA712958FF2300D02B73 /* Posts */ = {
			isa = PBXGroup;
			children = (
				9A55EA722958FF2300D02B73 /* Posts.json */,
				9A55EA732958FF2300D02B73 /* PostsNetworksMock.swift */,
			);
			path = Posts;
			sourceTree = "<group>";
		};
		9A9A88342955070F000923B9 /* Views */ = {
			isa = PBXGroup;
			children = (
				9AAB10DF2955EE77008515E2 /* Molecules */,
				9A9A883D2955117E000923B9 /* Organisms */,
				9A9A883A295510B7000923B9 /* Pages */,
				9AAB10E02955EE86008515E2 /* Helpers */,
			);
			path = Views;
			sourceTree = "<group>";
		};
		9A9A883529550716000923B9 /* ViewModel */ = {
			isa = PBXGroup;
			children = (
				9A01D66E2958CD320017B509 /* UsersViewModel.swift */,
				9A55EA6A2958E79A00D02B73 /* PostsViewModel.swift */,
			);
			path = ViewModel;
			sourceTree = "<group>";
		};
		9A9A88362955075C000923B9 /* Models */ = {
			isa = PBXGroup;
			children = (
				9A9A883729550EA3000923B9 /* UserModel.swift */,
				9A01D65E2957A01E0017B509 /* PostsModel.swift */,
			);
			path = Models;
			sourceTree = "<group>";
		};
		9A9A883A295510B7000923B9 /* Pages */ = {
			isa = PBXGroup;
			children = (
				9A9A883B295510C8000923B9 /* UsersPage.swift */,
				9AAB10E5295690D8008515E2 /* PostsPage.swift */,
			);
			path = Pages;
			sourceTree = "<group>";
		};
		9A9A883D2955117E000923B9 /* Organisms */ = {
			isa = PBXGroup;
			children = (
				9A9A883E29551191000923B9 /* SplashScreenView.swift */,
				9A55EA6E2958F6B800D02B73 /* FloatingButton.swift */,
			);
			path = Organisms;
			sourceTree = "<group>";
		};
		9A9A8840295560D3000923B9 /* Networks */ = {
			isa = PBXGroup;
			children = (
				9A01D6702958D3990017B509 /* Delegates */,
				9A9A88442955639B000923B9 /* UsersNetworks.swift */,
				9A01D65C29577DE90017B509 /* PostsNetworks.swift */,
			);
			path = Networks;
			sourceTree = "<group>";
		};
		9A9A884629556C8E000923B9 /* Resources */ = {
			isa = PBXGroup;
			children = (
				9A9A884729556C9B000923B9 /* Environments.swift */,
			);
			path = Resources;
			sourceTree = "<group>";
		};
		9AAB10DF2955EE77008515E2 /* Molecules */ = {
			isa = PBXGroup;
			children = (
				9AAB10E329568F0B008515E2 /* CardUserAtom.swift */,
				9A01D6602957BDFA0017B509 /* CardPostAtom.swift */,
			);
			path = Molecules;
			sourceTree = "<group>";
		};
		9AAB10E02955EE86008515E2 /* Helpers */ = {
			isa = PBXGroup;
			children = (
				9AAB10E12955EEFA008515E2 /* NoInfo.swift */,
			);
			path = Helpers;
			sourceTree = "<group>";
		};
		9AAB10FB2956BF86008515E2 /* UsersUITests */ = {
			isa = PBXGroup;
			children = (
				9AAB11052956BFF6008515E2 /* Atoms */,
				9A01D6642957D5F40017B509 /* Pages */,
			);
			path = UsersUITests;
			sourceTree = "<group>";
		};
		9AAB11052956BFF6008515E2 /* Atoms */ = {
			isa = PBXGroup;
			children = (
				9AAB11082956C2E3008515E2 /* CardUserAtomTests.swift */,
			);
			path = Atoms;
			sourceTree = "<group>";
		};
		9ABB59072958DA8100396F34 /* UsersTests */ = {
			isa = PBXGroup;
			children = (
				9A55EA5D2958DB2700D02B73 /* Mock */,
				9A55EA5C2958DB2700D02B73 /* UsersViewModelTests.swift */,
				9A55EA772958FFE100D02B73 /* PostsViewModelTests.swift */,
			);
			path = UsersTests;
			sourceTree = "<group>";
		};
		9AD749902955025F0047DF32 = {
			isa = PBXGroup;
			children = (
				9AD7499B2955025F0047DF32 /* Users */,
				9AAB10FB2956BF86008515E2 /* UsersUITests */,
				9ABB59072958DA8100396F34 /* UsersTests */,
				9AD7499A2955025F0047DF32 /* Products */,
			);
			sourceTree = "<group>";
		};
		9AD7499A2955025F0047DF32 /* Products */ = {
			isa = PBXGroup;
			children = (
				9AD749992955025F0047DF32 /* Users.app */,
				9AAB10FA2956BF86008515E2 /* UsersUITests.xctest */,
				9ABB59062958DA8100396F34 /* UsersTests.xctest */,
			);
			name = Products;
			sourceTree = "<group>";
		};
		9AD7499B2955025F0047DF32 /* Users */ = {
			isa = PBXGroup;
			children = (
				9A9A884629556C8E000923B9 /* Resources */,
				9A9A8840295560D3000923B9 /* Networks */,
				9A9A88362955075C000923B9 /* Models */,
				9A9A883529550716000923B9 /* ViewModel */,
				9A9A88342955070F000923B9 /* Views */,
				9AD7499C2955025F0047DF32 /* UsersApp.swift */,
				9AD749A0295502600047DF32 /* Assets.xcassets */,
				9AD749A2295502600047DF32 /* Users.entitlements */,
				9AD749A3295502600047DF32 /* Preview Content */,
				9A89117529593A7D00FF6050 /* DataBase.swift */,
			);
			path = Users;
			sourceTree = "<group>";
		};
		9AD749A3295502600047DF32 /* Preview Content */ = {
			isa = PBXGroup;
			children = (
				9AD749A4295502600047DF32 /* Preview Assets.xcassets */,
			);
			path = "Preview Content";
			sourceTree = "<group>";
		};
/* End PBXGroup section */

/* Begin PBXNativeTarget section */
		9AAB10F92956BF86008515E2 /* UsersUITests */ = {
			isa = PBXNativeTarget;
			buildConfigurationList = 9AAB11022956BF86008515E2 /* Build configuration list for PBXNativeTarget "UsersUITests" */;
			buildPhases = (
				9AAB10F62956BF86008515E2 /* Sources */,
				9AAB10F72956BF86008515E2 /* Frameworks */,
				9AAB10F82956BF86008515E2 /* Resources */,
			);
			buildRules = (
			);
			dependencies = (
				9AAB11012956BF86008515E2 /* PBXTargetDependency */,
			);
			name = UsersUITests;
			productName = UsersUITests;
			productReference = 9AAB10FA2956BF86008515E2 /* UsersUITests.xctest */;
			productType = "com.apple.product-type.bundle.ui-testing";
		};
		9ABB59052958DA8100396F34 /* UsersTests */ = {
			isa = PBXNativeTarget;
			buildConfigurationList = 9ABB590C2958DA8100396F34 /* Build configuration list for PBXNativeTarget "UsersTests" */;
			buildPhases = (
				9ABB59022958DA8100396F34 /* Sources */,
				9ABB59032958DA8100396F34 /* Frameworks */,
				9ABB59042958DA8100396F34 /* Resources */,
			);
			buildRules = (
			);
			dependencies = (
				9ABB590B2958DA8100396F34 /* PBXTargetDependency */,
			);
			name = UsersTests;
			productName = UsersTests;
			productReference = 9ABB59062958DA8100396F34 /* UsersTests.xctest */;
			productType = "com.apple.product-type.bundle.unit-test";
		};
		9AD749982955025F0047DF32 /* Users */ = {
			isa = PBXNativeTarget;
			buildConfigurationList = 9AD749A8295502600047DF32 /* Build configuration list for PBXNativeTarget "Users" */;
			buildPhases = (
				9AD749952955025F0047DF32 /* Sources */,
				9AD749962955025F0047DF32 /* Frameworks */,
				9AD749972955025F0047DF32 /* Resources */,
			);
			buildRules = (
			);
			dependencies = (
			);
			name = Users;
			packageProductDependencies = (
				9A9A8842295562B7000923B9 /* Alamofire */,
			);
			productName = Users;
			productReference = 9AD749992955025F0047DF32 /* Users.app */;
			productType = "com.apple.product-type.application";
		};
/* End PBXNativeTarget section */

/* Begin PBXProject section */
		9AD749912955025F0047DF32 /* Project object */ = {
			isa = PBXProject;
			attributes = {
				BuildIndependentTargetsInParallel = 1;
				LastSwiftUpdateCheck = 1420;
				LastUpgradeCheck = 1420;
				TargetAttributes = {
					9AAB10F92956BF86008515E2 = {
						CreatedOnToolsVersion = 14.2;
						LastSwiftMigration = 1420;
						TestTargetID = 9AD749982955025F0047DF32;
					};
					9ABB59052958DA8100396F34 = {
						CreatedOnToolsVersion = 14.2;
						LastSwiftMigration = 1420;
						TestTargetID = 9AD749982955025F0047DF32;
					};
					9AD749982955025F0047DF32 = {
						CreatedOnToolsVersion = 14.2;
					};
				};
			};
			buildConfigurationList = 9AD749942955025F0047DF32 /* Build configuration list for PBXProject "Users" */;
			compatibilityVersion = "Xcode 14.0";
			developmentRegion = en;
			hasScannedForEncodings = 0;
			knownRegions = (
				en,
				Base,
			);
			mainGroup = 9AD749902955025F0047DF32;
			packageReferences = (
				9A9A8841295562B7000923B9 /* XCRemoteSwiftPackageReference "Alamofire" */,
			);
			productRefGroup = 9AD7499A2955025F0047DF32 /* Products */;
			projectDirPath = "";
			projectRoot = "";
			targets = (
				9AD749982955025F0047DF32 /* Users */,
				9AAB10F92956BF86008515E2 /* UsersUITests */,
				9ABB59052958DA8100396F34 /* UsersTests */,
			);
		};
/* End PBXProject section */

/* Begin PBXResourcesBuildPhase section */
		9AAB10F82956BF86008515E2 /* Resources */ = {
			isa = PBXResourcesBuildPhase;
			buildActionMask = 2147483647;
			files = (
			);
			runOnlyForDeploymentPostprocessing = 0;
		};
		9ABB59042958DA8100396F34 /* Resources */ = {
			isa = PBXResourcesBuildPhase;
			buildActionMask = 2147483647;
			files = (
				9A55EA682958E20E00D02B73 /* Users.json in Resources */,
				9A55EA742958FF2300D02B73 /* Posts.json in Resources */,
			);
			runOnlyForDeploymentPostprocessing = 0;
		};
		9AD749972955025F0047DF32 /* Resources */ = {
			isa = PBXResourcesBuildPhase;
			buildActionMask = 2147483647;
			files = (
				9A55EA762958FF3200D02B73 /* Posts.json in Resources */,
				9A55EA692958E64A00D02B73 /* Users.json in Resources */,
				9AD749A5295502600047DF32 /* Preview Assets.xcassets in Resources */,
				9AD749A1295502600047DF32 /* Assets.xcassets in Resources */,
			);
			runOnlyForDeploymentPostprocessing = 0;
		};
/* End PBXResourcesBuildPhase section */

/* Begin PBXSourcesBuildPhase section */
		9AAB10F62956BF86008515E2 /* Sources */ = {
			isa = PBXSourcesBuildPhase;
			buildActionMask = 2147483647;
			files = (
				9AAB11092956C2E3008515E2 /* CardUserAtomTests.swift in Sources */,
				9A01D6662957D6190017B509 /* UsersPageTests.swift in Sources */,
			);
			runOnlyForDeploymentPostprocessing = 0;
		};
		9ABB59022958DA8100396F34 /* Sources */ = {
			isa = PBXSourcesBuildPhase;
			buildActionMask = 2147483647;
			files = (
				9A55EA782958FFE100D02B73 /* PostsViewModelTests.swift in Sources */,
				9A55EA602958DB2700D02B73 /* UsersViewModelTests.swift in Sources */,
				9A55EA752958FF2300D02B73 /* PostsNetworksMock.swift in Sources */,
				9A55EA622958DB2700D02B73 /* UsersNetworksMock.swift in Sources */,
			);
			runOnlyForDeploymentPostprocessing = 0;
		};
		9AD749952955025F0047DF32 /* Sources */ = {
			isa = PBXSourcesBuildPhase;
			buildActionMask = 2147483647;
			files = (
				9A9A88452955639B000923B9 /* UsersNetworks.swift in Sources */,
				9A55EA6F2958F6B800D02B73 /* FloatingButton.swift in Sources */,
				9A01D66F2958CD320017B509 /* UsersViewModel.swift in Sources */,
				9A01D65D29577DE90017B509 /* PostsNetworks.swift in Sources */,
				9A89117629593A7D00FF6050 /* DataBase.swift in Sources */,
				9AAB10E22955EEFA008515E2 /* NoInfo.swift in Sources */,
				9A55EA6B2958E79A00D02B73 /* PostsViewModel.swift in Sources */,
				9AD7499D2955025F0047DF32 /* UsersApp.swift in Sources */,
				9A9A883F29551191000923B9 /* SplashScreenView.swift in Sources */,
				9A01D6722958D3AA0017B509 /* Users.swift in Sources */,
				9A01D6742958D3BC0017B509 /* Posts.swift in Sources */,
				9A01D65F2957A01E0017B509 /* PostsModel.swift in Sources */,
				9A01D6612957BDFA0017B509 /* CardPostAtom.swift in Sources */,
				9AAB10E429568F0B008515E2 /* CardUserAtom.swift in Sources */,
				9A9A884829556C9B000923B9 /* Environments.swift in Sources */,
				9AAB10E6295690D8008515E2 /* PostsPage.swift in Sources */,
				9A9A883829550EA3000923B9 /* UserModel.swift in Sources */,
				9A9A883C295510C8000923B9 /* UsersPage.swift in Sources */,
			);
			runOnlyForDeploymentPostprocessing = 0;
		};
/* End PBXSourcesBuildPhase section */

/* Begin PBXTargetDependency section */
		9AAB11012956BF86008515E2 /* PBXTargetDependency */ = {
			isa = PBXTargetDependency;
			target = 9AD749982955025F0047DF32 /* Users */;
			targetProxy = 9AAB11002956BF86008515E2 /* PBXContainerItemProxy */;
		};
		9ABB590B2958DA8100396F34 /* PBXTargetDependency */ = {
			isa = PBXTargetDependency;
			target = 9AD749982955025F0047DF32 /* Users */;
			targetProxy = 9ABB590A2958DA8100396F34 /* PBXContainerItemProxy */;
		};
/* End PBXTargetDependency section */

/* Begin XCBuildConfiguration section */
		9AAB11032956BF86008515E2 /* Debug */ = {
			isa = XCBuildConfiguration;
			buildSettings = {
				CLANG_ENABLE_MODULES = YES;
				CODE_SIGN_STYLE = Automatic;
				CURRENT_PROJECT_VERSION = 1;
				DEVELOPMENT_TEAM = 8Z29G67Z5G;
				GENERATE_INFOPLIST_FILE = YES;
				IPHONEOS_DEPLOYMENT_TARGET = 16.2;
				LD_RUNPATH_SEARCH_PATHS = (
					"$(inherited)",
					"@executable_path/Frameworks",
					"@loader_path/Frameworks",
				);
				MARKETING_VERSION = 1.0;
				PRODUCT_BUNDLE_IDENTIFIER = com.jcmo.UsersUITests;
				PRODUCT_NAME = "$(TARGET_NAME)";
				SDKROOT = iphoneos;
				SWIFT_EMIT_LOC_STRINGS = NO;
				SWIFT_OPTIMIZATION_LEVEL = "-Onone";
				SWIFT_VERSION = 5.0;
				TARGETED_DEVICE_FAMILY = "1,2";
				TEST_TARGET_NAME = Users;
			};
			name = Debug;
		};
		9AAB11042956BF86008515E2 /* Release */ = {
			isa = XCBuildConfiguration;
			buildSettings = {
				CLANG_ENABLE_MODULES = YES;
				CODE_SIGN_STYLE = Automatic;
				CURRENT_PROJECT_VERSION = 1;
				DEVELOPMENT_TEAM = 8Z29G67Z5G;
				GENERATE_INFOPLIST_FILE = YES;
				IPHONEOS_DEPLOYMENT_TARGET = 16.2;
				LD_RUNPATH_SEARCH_PATHS = (
					"$(inherited)",
					"@executable_path/Frameworks",
					"@loader_path/Frameworks",
				);
				MARKETING_VERSION = 1.0;
				PRODUCT_BUNDLE_IDENTIFIER = com.jcmo.UsersUITests;
				PRODUCT_NAME = "$(TARGET_NAME)";
				SDKROOT = iphoneos;
				SWIFT_EMIT_LOC_STRINGS = NO;
				SWIFT_VERSION = 5.0;
				TARGETED_DEVICE_FAMILY = "1,2";
				TEST_TARGET_NAME = Users;
				VALIDATE_PRODUCT = YES;
			};
			name = Release;
		};
		9ABB590D2958DA8100396F34 /* Debug */ = {
			isa = XCBuildConfiguration;
			buildSettings = {
				BUNDLE_LOADER = "$(TEST_HOST)";
				CLANG_ENABLE_MODULES = YES;
				CODE_SIGN_STYLE = Automatic;
				CURRENT_PROJECT_VERSION = 1;
				DEVELOPMENT_TEAM = 8Z29G67Z5G;
				GENERATE_INFOPLIST_FILE = YES;
				IPHONEOS_DEPLOYMENT_TARGET = 16.2;
				LD_RUNPATH_SEARCH_PATHS = (
					"$(inherited)",
					"@executable_path/Frameworks",
					"@loader_path/Frameworks",
				);
				MARKETING_VERSION = 1.0;
				PRODUCT_BUNDLE_IDENTIFIER = com.jcmo.UsersTests;
				PRODUCT_NAME = "$(TARGET_NAME)";
				SDKROOT = iphoneos;
				SWIFT_EMIT_LOC_STRINGS = NO;
				SWIFT_OPTIMIZATION_LEVEL = "-Onone";
				SWIFT_VERSION = 5.0;
				TARGETED_DEVICE_FAMILY = "1,2";
				TEST_HOST = "$(BUILT_PRODUCTS_DIR)/Users.app/$(BUNDLE_EXECUTABLE_FOLDER_PATH)/Users";
			};
			name = Debug;
		};
		9ABB590E2958DA8100396F34 /* Release */ = {
			isa = XCBuildConfiguration;
			buildSettings = {
				BUNDLE_LOADER = "$(TEST_HOST)";
				CLANG_ENABLE_MODULES = YES;
				CODE_SIGN_STYLE = Automatic;
				CURRENT_PROJECT_VERSION = 1;
				DEVELOPMENT_TEAM = 8Z29G67Z5G;
				GENERATE_INFOPLIST_FILE = YES;
				IPHONEOS_DEPLOYMENT_TARGET = 16.2;
				LD_RUNPATH_SEARCH_PATHS = (
					"$(inherited)",
					"@executable_path/Frameworks",
					"@loader_path/Frameworks",
				);
				MARKETING_VERSION = 1.0;
				PRODUCT_BUNDLE_IDENTIFIER = com.jcmo.UsersTests;
				PRODUCT_NAME = "$(TARGET_NAME)";
				SDKROOT = iphoneos;
				SWIFT_EMIT_LOC_STRINGS = NO;
				SWIFT_VERSION = 5.0;
				TARGETED_DEVICE_FAMILY = "1,2";
				TEST_HOST = "$(BUILT_PRODUCTS_DIR)/Users.app/$(BUNDLE_EXECUTABLE_FOLDER_PATH)/Users";
				VALIDATE_PRODUCT = YES;
			};
			name = Release;
		};
		9AD749A6295502600047DF32 /* Debug */ = {
			isa = XCBuildConfiguration;
			buildSettings = {
				ALWAYS_SEARCH_USER_PATHS = NO;
				CLANG_ANALYZER_NONNULL = YES;
				CLANG_ANALYZER_NUMBER_OBJECT_CONVERSION = YES_AGGRESSIVE;
				CLANG_CXX_LANGUAGE_STANDARD = "gnu++20";
				CLANG_ENABLE_MODULES = YES;
				CLANG_ENABLE_OBJC_ARC = YES;
				CLANG_ENABLE_OBJC_WEAK = YES;
				CLANG_WARN_BLOCK_CAPTURE_AUTORELEASING = YES;
				CLANG_WARN_BOOL_CONVERSION = YES;
				CLANG_WARN_COMMA = YES;
				CLANG_WARN_CONSTANT_CONVERSION = YES;
				CLANG_WARN_DEPRECATED_OBJC_IMPLEMENTATIONS = YES;
				CLANG_WARN_DIRECT_OBJC_ISA_USAGE = YES_ERROR;
				CLANG_WARN_DOCUMENTATION_COMMENTS = YES;
				CLANG_WARN_EMPTY_BODY = YES;
				CLANG_WARN_ENUM_CONVERSION = YES;
				CLANG_WARN_INFINITE_RECURSION = YES;
				CLANG_WARN_INT_CONVERSION = YES;
				CLANG_WARN_NON_LITERAL_NULL_CONVERSION = YES;
				CLANG_WARN_OBJC_IMPLICIT_RETAIN_SELF = YES;
				CLANG_WARN_OBJC_LITERAL_CONVERSION = YES;
				CLANG_WARN_OBJC_ROOT_CLASS = YES_ERROR;
				CLANG_WARN_QUOTED_INCLUDE_IN_FRAMEWORK_HEADER = YES;
				CLANG_WARN_RANGE_LOOP_ANALYSIS = YES;
				CLANG_WARN_STRICT_PROTOTYPES = YES;
				CLANG_WARN_SUSPICIOUS_MOVE = YES;
				CLANG_WARN_UNGUARDED_AVAILABILITY = YES_AGGRESSIVE;
				CLANG_WARN_UNREACHABLE_CODE = YES;
				CLANG_WARN__DUPLICATE_METHOD_MATCH = YES;
				COPY_PHASE_STRIP = NO;
				DEBUG_INFORMATION_FORMAT = dwarf;
				ENABLE_STRICT_OBJC_MSGSEND = YES;
				ENABLE_TESTABILITY = YES;
				GCC_C_LANGUAGE_STANDARD = gnu11;
				GCC_DYNAMIC_NO_PIC = NO;
				GCC_NO_COMMON_BLOCKS = YES;
				GCC_OPTIMIZATION_LEVEL = 0;
				GCC_PREPROCESSOR_DEFINITIONS = (
					"DEBUG=1",
					"$(inherited)",
				);
				GCC_WARN_64_TO_32_BIT_CONVERSION = YES;
				GCC_WARN_ABOUT_RETURN_TYPE = YES_ERROR;
				GCC_WARN_UNDECLARED_SELECTOR = YES;
				GCC_WARN_UNINITIALIZED_AUTOS = YES_AGGRESSIVE;
				GCC_WARN_UNUSED_FUNCTION = YES;
				GCC_WARN_UNUSED_VARIABLE = YES;
				MTL_ENABLE_DEBUG_INFO = INCLUDE_SOURCE;
				MTL_FAST_MATH = YES;
				ONLY_ACTIVE_ARCH = YES;
				SWIFT_ACTIVE_COMPILATION_CONDITIONS = DEBUG;
				SWIFT_OPTIMIZATION_LEVEL = "-Onone";
			};
			name = Debug;
		};
		9AD749A7295502600047DF32 /* Release */ = {
			isa = XCBuildConfiguration;
			buildSettings = {
				ALWAYS_SEARCH_USER_PATHS = NO;
				CLANG_ANALYZER_NONNULL = YES;
				CLANG_ANALYZER_NUMBER_OBJECT_CONVERSION = YES_AGGRESSIVE;
				CLANG_CXX_LANGUAGE_STANDARD = "gnu++20";
				CLANG_ENABLE_MODULES = YES;
				CLANG_ENABLE_OBJC_ARC = YES;
				CLANG_ENABLE_OBJC_WEAK = YES;
				CLANG_WARN_BLOCK_CAPTURE_AUTORELEASING = YES;
				CLANG_WARN_BOOL_CONVERSION = YES;
				CLANG_WARN_COMMA = YES;
				CLANG_WARN_CONSTANT_CONVERSION = YES;
				CLANG_WARN_DEPRECATED_OBJC_IMPLEMENTATIONS = YES;
				CLANG_WARN_DIRECT_OBJC_ISA_USAGE = YES_ERROR;
				CLANG_WARN_DOCUMENTATION_COMMENTS = YES;
				CLANG_WARN_EMPTY_BODY = YES;
				CLANG_WARN_ENUM_CONVERSION = YES;
				CLANG_WARN_INFINITE_RECURSION = YES;
				CLANG_WARN_INT_CONVERSION = YES;
				CLANG_WARN_NON_LITERAL_NULL_CONVERSION = YES;
				CLANG_WARN_OBJC_IMPLICIT_RETAIN_SELF = YES;
				CLANG_WARN_OBJC_LITERAL_CONVERSION = YES;
				CLANG_WARN_OBJC_ROOT_CLASS = YES_ERROR;
				CLANG_WARN_QUOTED_INCLUDE_IN_FRAMEWORK_HEADER = YES;
				CLANG_WARN_RANGE_LOOP_ANALYSIS = YES;
				CLANG_WARN_STRICT_PROTOTYPES = YES;
				CLANG_WARN_SUSPICIOUS_MOVE = YES;
				CLANG_WARN_UNGUARDED_AVAILABILITY = YES_AGGRESSIVE;
				CLANG_WARN_UNREACHABLE_CODE = YES;
				CLANG_WARN__DUPLICATE_METHOD_MATCH = YES;
				COPY_PHASE_STRIP = NO;
				DEBUG_INFORMATION_FORMAT = "dwarf-with-dsym";
				ENABLE_NS_ASSERTIONS = NO;
				ENABLE_STRICT_OBJC_MSGSEND = YES;
				GCC_C_LANGUAGE_STANDARD = gnu11;
				GCC_NO_COMMON_BLOCKS = YES;
				GCC_WARN_64_TO_32_BIT_CONVERSION = YES;
				GCC_WARN_ABOUT_RETURN_TYPE = YES_ERROR;
				GCC_WARN_UNDECLARED_SELECTOR = YES;
				GCC_WARN_UNINITIALIZED_AUTOS = YES_AGGRESSIVE;
				GCC_WARN_UNUSED_FUNCTION = YES;
				GCC_WARN_UNUSED_VARIABLE = YES;
				MTL_ENABLE_DEBUG_INFO = NO;
				MTL_FAST_MATH = YES;
				SWIFT_COMPILATION_MODE = wholemodule;
				SWIFT_OPTIMIZATION_LEVEL = "-O";
			};
			name = Release;
		};
		9AD749A9295502600047DF32 /* Debug */ = {
			isa = XCBuildConfiguration;
			buildSettings = {
				ASSETCATALOG_COMPILER_APPICON_NAME = AppIcon;
				ASSETCATALOG_COMPILER_GLOBAL_ACCENT_COLOR_NAME = AccentColor;
				CODE_SIGN_ENTITLEMENTS = Users/Users.entitlements;
				CODE_SIGN_STYLE = Automatic;
				CURRENT_PROJECT_VERSION = 1;
				DEVELOPMENT_ASSET_PATHS = "\"Users/Preview Content\"";
				DEVELOPMENT_TEAM = 8Z29G67Z5G;
				ENABLE_HARDENED_RUNTIME = YES;
				ENABLE_PREVIEWS = YES;
				GENERATE_INFOPLIST_FILE = YES;
				"INFOPLIST_KEY_UIApplicationSceneManifest_Generation[sdk=iphoneos*]" = YES;
				"INFOPLIST_KEY_UIApplicationSceneManifest_Generation[sdk=iphonesimulator*]" = YES;
				"INFOPLIST_KEY_UIApplicationSupportsIndirectInputEvents[sdk=iphoneos*]" = YES;
				"INFOPLIST_KEY_UIApplicationSupportsIndirectInputEvents[sdk=iphonesimulator*]" = YES;
				"INFOPLIST_KEY_UILaunchScreen_Generation[sdk=iphoneos*]" = YES;
				"INFOPLIST_KEY_UILaunchScreen_Generation[sdk=iphonesimulator*]" = YES;
				"INFOPLIST_KEY_UIStatusBarStyle[sdk=iphoneos*]" = UIStatusBarStyleDefault;
				"INFOPLIST_KEY_UIStatusBarStyle[sdk=iphonesimulator*]" = UIStatusBarStyleDefault;
				INFOPLIST_KEY_UISupportedInterfaceOrientations_iPad = "UIInterfaceOrientationPortrait UIInterfaceOrientationPortraitUpsideDown UIInterfaceOrientationLandscapeLeft UIInterfaceOrientationLandscapeRight";
				INFOPLIST_KEY_UISupportedInterfaceOrientations_iPhone = "UIInterfaceOrientationPortrait UIInterfaceOrientationLandscapeLeft UIInterfaceOrientationLandscapeRight";
				IPHONEOS_DEPLOYMENT_TARGET = 16.2;
				LD_RUNPATH_SEARCH_PATHS = "@executable_path/Frameworks";
				"LD_RUNPATH_SEARCH_PATHS[sdk=macosx*]" = "@executable_path/../Frameworks";
				MACOSX_DEPLOYMENT_TARGET = 13.0;
				MARKETING_VERSION = 1.0;
				PRODUCT_BUNDLE_IDENTIFIER = com.jcmo.Users;
				PRODUCT_NAME = "$(TARGET_NAME)";
				SDKROOT = auto;
				SUPPORTED_PLATFORMS = "iphoneos iphonesimulator macosx";
				SWIFT_EMIT_LOC_STRINGS = YES;
				SWIFT_VERSION = 5.0;
				TARGETED_DEVICE_FAMILY = "1,2";
			};
			name = Debug;
		};
		9AD749AA295502600047DF32 /* Release */ = {
			isa = XCBuildConfiguration;
			buildSettings = {
				ASSETCATALOG_COMPILER_APPICON_NAME = AppIcon;
				ASSETCATALOG_COMPILER_GLOBAL_ACCENT_COLOR_NAME = AccentColor;
				CODE_SIGN_ENTITLEMENTS = Users/Users.entitlements;
				CODE_SIGN_STYLE = Automatic;
				CURRENT_PROJECT_VERSION = 1;
				DEVELOPMENT_ASSET_PATHS = "\"Users/Preview Content\"";
				DEVELOPMENT_TEAM = 8Z29G67Z5G;
				ENABLE_HARDENED_RUNTIME = YES;
				ENABLE_PREVIEWS = YES;
				GENERATE_INFOPLIST_FILE = YES;
				"INFOPLIST_KEY_UIApplicationSceneManifest_Generation[sdk=iphoneos*]" = YES;
				"INFOPLIST_KEY_UIApplicationSceneManifest_Generation[sdk=iphonesimulator*]" = YES;
				"INFOPLIST_KEY_UIApplicationSupportsIndirectInputEvents[sdk=iphoneos*]" = YES;
				"INFOPLIST_KEY_UIApplicationSupportsIndirectInputEvents[sdk=iphonesimulator*]" = YES;
				"INFOPLIST_KEY_UILaunchScreen_Generation[sdk=iphoneos*]" = YES;
				"INFOPLIST_KEY_UILaunchScreen_Generation[sdk=iphonesimulator*]" = YES;
				"INFOPLIST_KEY_UIStatusBarStyle[sdk=iphoneos*]" = UIStatusBarStyleDefault;
				"INFOPLIST_KEY_UIStatusBarStyle[sdk=iphonesimulator*]" = UIStatusBarStyleDefault;
				INFOPLIST_KEY_UISupportedInterfaceOrientations_iPad = "UIInterfaceOrientationPortrait UIInterfaceOrientationPortraitUpsideDown UIInterfaceOrientationLandscapeLeft UIInterfaceOrientationLandscapeRight";
				INFOPLIST_KEY_UISupportedInterfaceOrientations_iPhone = "UIInterfaceOrientationPortrait UIInterfaceOrientationLandscapeLeft UIInterfaceOrientationLandscapeRight";
				IPHONEOS_DEPLOYMENT_TARGET = 16.2;
				LD_RUNPATH_SEARCH_PATHS = "@executable_path/Frameworks";
				"LD_RUNPATH_SEARCH_PATHS[sdk=macosx*]" = "@executable_path/../Frameworks";
				MACOSX_DEPLOYMENT_TARGET = 13.0;
				MARKETING_VERSION = 1.0;
				PRODUCT_BUNDLE_IDENTIFIER = com.jcmo.Users;
				PRODUCT_NAME = "$(TARGET_NAME)";
				SDKROOT = auto;
				SUPPORTED_PLATFORMS = "iphoneos iphonesimulator macosx";
				SWIFT_EMIT_LOC_STRINGS = YES;
				SWIFT_VERSION = 5.0;
				TARGETED_DEVICE_FAMILY = "1,2";
			};
			name = Release;
		};
/* End XCBuildConfiguration section */

/* Begin XCConfigurationList section */
		9AAB11022956BF86008515E2 /* Build configuration list for PBXNativeTarget "UsersUITests" */ = {
			isa = XCConfigurationList;
			buildConfigurations = (
				9AAB11032956BF86008515E2 /* Debug */,
				9AAB11042956BF86008515E2 /* Release */,
			);
			defaultConfigurationIsVisible = 0;
			defaultConfigurationName = Release;
		};
		9ABB590C2958DA8100396F34 /* Build configuration list for PBXNativeTarget "UsersTests" */ = {
			isa = XCConfigurationList;
			buildConfigurations = (
				9ABB590D2958DA8100396F34 /* Debug */,
				9ABB590E2958DA8100396F34 /* Release */,
			);
			defaultConfigurationIsVisible = 0;
			defaultConfigurationName = Release;
		};
		9AD749942955025F0047DF32 /* Build configuration list for PBXProject "Users" */ = {
			isa = XCConfigurationList;
			buildConfigurations = (
				9AD749A6295502600047DF32 /* Debug */,
				9AD749A7295502600047DF32 /* Release */,
			);
			defaultConfigurationIsVisible = 0;
			defaultConfigurationName = Release;
		};
		9AD749A8295502600047DF32 /* Build configuration list for PBXNativeTarget "Users" */ = {
			isa = XCConfigurationList;
			buildConfigurations = (
				9AD749A9295502600047DF32 /* Debug */,
				9AD749AA295502600047DF32 /* Release */,
			);
			defaultConfigurationIsVisible = 0;
			defaultConfigurationName = Release;
		};
/* End XCConfigurationList section */

/* Begin XCRemoteSwiftPackageReference section */
		9A9A8841295562B7000923B9 /* XCRemoteSwiftPackageReference "Alamofire" */ = {
			isa = XCRemoteSwiftPackageReference;
			repositoryURL = "https://github.com/Alamofire/Alamofire.git";
			requirement = {
				branch = master;
				kind = branch;
			};
		};
/* End XCRemoteSwiftPackageReference section */

/* Begin XCSwiftPackageProductDependency section */
		9A9A8842295562B7000923B9 /* Alamofire */ = {
			isa = XCSwiftPackageProductDependency;
			package = 9A9A8841295562B7000923B9 /* XCRemoteSwiftPackageReference "Alamofire" */;
			productName = Alamofire;
		};
/* End XCSwiftPackageProductDependency section */
	};
	rootObject = 9AD749912955025F0047DF32 /* Project object */;
}
